
Microsoft Visual Studio Solution File, Format Version 12.00
# Visual Studio Version 16
VisualStudioVersion = 16.0.31005.135
MinimumVisualStudioVersion = 10.0.40219.1
Project("{FAE04EC0-301F-11D3-BF4B-00C04F79EFBC}") = "assignment1", "assignment1\assignment1.csproj", "{88E801E7-78C9-49C3-B613-A318878B5CEC}"
EndProject
Project("{FAE04EC0-301F-11D3-BF4B-00C04F79EFBC}") = "assignment2", "assignment2\assignment2.csproj", "{EE748F11-AB65-41C0-B345-1F7242C43FC2}"
EndProject
Global
	GlobalSection(SolutionConfigurationPlatforms) = preSolution
		Debug|Any CPU = Debug|Any CPU
		Release|Any CPU = Release|Any CPU
	EndGlobalSection
	GlobalSection(ProjectConfigurationPlatforms) = postSolution
		{88E801E7-78C9-49C3-B613-A318878B5CEC}.Debug|Any CPU.ActiveCfg = Debug|Any CPU
		{88E801E7-78C9-49C3-B613-A318878B5CEC}.Debug|Any CPU.Build.0 = Debug|Any CPU
		{88E801E7-78C9-49C3-B613-A318878B5CEC}.Release|Any CPU.ActiveCfg = Release|Any CPU
		{88E801E7-78C9-49C3-B613-A318878B5CEC}.Release|Any CPU.Build.0 = Release|Any CPU
		{EE748F11-AB65-41C0-B345-1F7242C43FC2}.Debug|Any CPU.ActiveCfg = Debug|Any CPU
		{EE748F11-AB65-41C0-B345-1F7242C43FC2}.Debug|Any CPU.Build.0 = Debug|Any CPU
		{EE748F11-AB65-41C0-B345-1F7242C43FC2}.Release|Any CPU.ActiveCfg = Release|Any CPU
		{EE748F11-AB65-41C0-B345-1F7242C43FC2}.Release|Any CPU.Build.0 = Release|Any CPU
	EndGlobalSection
	GlobalSection(SolutionProperties) = preSolution
		HideSolutionNode = FALSE
	EndGlobalSection
	GlobalSection(ExtensibilityGlobals) = postSolution
		SolutionGuid = {C400666C-E6CF-40C0-8B89-97F15055DFED}
	EndGlobalSection
EndGlobal
